<?xml version="1.0" encoding="utf-8"?>
<Project ToolsVersion="4.0" xmlns="http://schemas.microsoft.com/developer/msbuild/2003">
  <ItemGroup>
    <Filter Include="Source Files">
      <UniqueIdentifier>{4FC737F1-C7A5-4376-A066-2A32D752A2FF}</UniqueIdentifier>
      <Extensions>cpp;c;cc;cxx;def;odl;idl;hpj;bat;asm;asmx</Extensions>
    </Filter>
    <Filter Include="Header Files">
      <UniqueIdentifier>{93995380-89BD-4b04-88EB-625FBE52EBFB}</UniqueIdentifier>
      <Extensions>h;hh;hpp;hxx;hm;inl;inc;xsd</Extensions>
    </Filter>
    <Filter Include="Resource Files">
      <UniqueIdentifier>{67DA6AB6-F800-4c08-8B7A-83BB121AAD01}</UniqueIdentifier>
      <Extensions>rc;ico;cur;bmp;dlg;rc2;rct;bin;rgs;gif;jpg;jpeg;jpe;resx;tiff;tif;png;wav;mfcribbon-ms</Extensions>
    </Filter>
    <Filter Include="Source Files\RenderEngine">
      <UniqueIdentifier>{3eb469eb-c643-44df-9a85-be983601e94b}</UniqueIdentifier>
    </Filter>
    <Filter Include="Header Files\RenderEngine">
      <UniqueIdentifier>{ce792bef-d04f-4a21-9923-35e84c712290}</UniqueIdentifier>
    </Filter>
    <Filter Include="Header Files\RenderEngine\Geo">
      <UniqueIdentifier>{5df52cf9-1e71-4a38-930f-2c48e7813a30}</UniqueIdentifier>
    </Filter>
    <Filter Include="Header Files\RenderEngine\Render">
      <UniqueIdentifier>{d8cc3c43-07dd-422e-a5e5-64224099b370}</UniqueIdentifier>
    </Filter>
  </ItemGroup>
  <ItemGroup>
    <ClCompile Include="GameManager.cpp">
      <Filter>Source Files</Filter>
    </ClCompile>
    <ClCompile Include="GuiHud.cpp">
      <Filter>Source Files</Filter>
    </ClCompile>
    <ClCompile Include="KeyState.cpp">
      <Filter>Source Files</Filter>
    </ClCompile>
    <ClCompile Include="main.cpp">
      <Filter>Source Files</Filter>
    </ClCompile>
    <ClCompile Include="MouseState.cpp">
      <Filter>Source Files</Filter>
    </ClCompile>
    <ClCompile Include="RenderSystem.cpp">
      <Filter>Source Files\RenderEngine</Filter>
    </ClCompile>
    <ClCompile Include="RenderEntity.cpp">
      <Filter>Source Files\RenderEngine</Filter>
    </ClCompile>
    <ClCompile Include="GeoBox.cpp">
      <Filter>Source Files\RenderEngine</Filter>
    </ClCompile>
    <ClCompile Include="GeoObject.cpp">
      <Filter>Source Files\RenderEngine</Filter>
    </ClCompile>
    <ClCompile Include="GeoTriangle.cpp">
      <Filter>Source Files\RenderEngine</Filter>
    </ClCompile>
    <ClCompile Include="RenderSheep.cpp">
      <Filter>Source Files\RenderEngine</Filter>
    </ClCompile>
    <ClCompile Include="RenderCamera.cpp">
      <Filter>Source Files</Filter>
    </ClCompile>
    <ClCompile Include="RenderScene.cpp">
      <Filter>Source Files</Filter>
    </ClCompile>
  </ItemGroup>
  <ItemGroup>
    <ClInclude Include="GameManager.h">
      <Filter>Header Files</Filter>
    </ClInclude>
    <ClInclude Include="GuiHud.h">
      <Filter>Header Files</Filter>
    </ClInclude>
    <ClInclude Include="KeyState.h">
      <Filter>Header Files</Filter>
    </ClInclude>
    <ClInclude Include="MouseState.h">
      <Filter>Header Files</Filter>
    </ClInclude>
    <ClInclude Include="RenderSystem.h">
      <Filter>Header Files\RenderEngine</Filter>
    </ClInclude>
    <ClInclude Include="RenderEntity.h">
      <Filter>Header Files\RenderEngine</Filter>
    </ClInclude>
    <ClInclude Include="GeoBox.h">
      <Filter>Header Files\RenderEngine</Filter>
    </ClInclude>
    <ClInclude Include="GeoObject.h">
      <Filter>Header Files\RenderEngine</Filter>
    </ClInclude>
    <ClInclude Include="GeoTriangle.h">
      <Filter>Header Files\RenderEngine</Filter>
    </ClInclude>
    <ClInclude Include="RenderSheep.h">
      <Filter>Header Files</Filter>
    </ClInclude>
    <ClInclude Include="RenderRay.h">
      <Filter>Header Files\RenderEngine\Render</Filter>
    </ClInclude>
    <ClInclude Include="RenderScene.h">
      <Filter>Header Files\RenderEngine\Render</Filter>
    </ClInclude>
    <ClInclude Include="RenderCamera.h">
      <Filter>Header Files\RenderEngine\Render</Filter>
    </ClInclude>
    <ClInclude Include="RenderObject.h">
      <Filter>Header Files\RenderEngine\Geo</Filter>
    </ClInclude>
    <ClInclude Include="RenderObjectCircle.h">
      <Filter>Header Files\RenderEngine\Geo</Filter>
    </ClInclude>
    <ClInclude Include="RenderObjectLine.h">
      <Filter>Header Files\RenderEngine\Geo</Filter>
    </ClInclude>
  </ItemGroup>
</Project>